
Microsoft Visual Studio Solution File, Format Version 12.00
# Visual Studio Version 17
VisualStudioVersion = 17.9.34714.143
MinimumVisualStudioVersion = 10.0.40219.1
Project("{9A19103F-16F7-4668-BE54-9A1E7A4F7556}") = "CheeseChase", "CheeseChase.csproj", "{24121391-2C50-4776-BD9C-BE9354035F1A}"
EndProject
Project("{2150E333-8FDC-42A3-9474-1A3956D46DE8}") = "Solution Items", "Solution Items", "{A1DD8CB9-12DE-4621-BBFB-7C6C26C429AD}"
	ProjectSection(SolutionItems) = preProject
		MusicPlayer.cs = MusicPlayer.cs
	EndProjectSection
EndProject
Global
	GlobalSection(SolutionConfigurationPlatforms) = preSolution
		Debug|Any CPU = Debug|Any CPU
		Release|Any CPU = Release|Any CPU
	EndGlobalSection
	GlobalSection(ProjectConfigurationPlatforms) = postSolution
		{24121391-2C50-4776-BD9C-BE9354035F1A}.Debug|Any CPU.ActiveCfg = Debug|Any CPU
		{24121391-2C50-4776-BD9C-BE9354035F1A}.Debug|Any CPU.Build.0 = Debug|Any CPU
		{24121391-2C50-4776-BD9C-BE9354035F1A}.Release|Any CPU.ActiveCfg = Release|Any CPU
		{24121391-2C50-4776-BD9C-BE9354035F1A}.Release|Any CPU.Build.0 = Release|Any CPU
	EndGlobalSection
	GlobalSection(SolutionProperties) = preSolution
		HideSolutionNode = FALSE
	EndGlobalSection
	GlobalSection(ExtensibilityGlobals) = postSolution
		SolutionGuid = {DD72F2A2-A6B7-41C3-89D7-7C0CE845CA64}
	EndGlobalSection
EndGlobal
